// !$*UTF8*$!
{
	archiveVersion = 1;
	classes = {
	};
	objectVersion = 56;
	objects = {

/* Begin PBXBuildFile section */
		1F9CE2752B17696A00CA5DDF /* JokeViweApp.swift in Sources */ = {isa = PBXBuildFile; fileRef = 1F9CE2742B17696A00CA5DDF /* JokeViweApp.swift */; };
		1F9CE2772B17696A00CA5DDF /* ContentView.swift in Sources */ = {isa = PBXBuildFile; fileRef = 1F9CE2762B17696A00CA5DDF /* ContentView.swift */; };
		1F9CE2792B17696B00CA5DDF /* Assets.xcassets in Resources */ = {isa = PBXBuildFile; fileRef = 1F9CE2782B17696B00CA5DDF /* Assets.xcassets */; };
		1F9CE27C2B17696B00CA5DDF /* Preview Assets.xcassets in Resources */ = {isa = PBXBuildFile; fileRef = 1F9CE27B2B17696B00CA5DDF /* Preview Assets.xcassets */; };
		1F9CE2862B17696B00CA5DDF /* JokeViweTests.swift in Sources */ = {isa = PBXBuildFile; fileRef = 1F9CE2852B17696B00CA5DDF /* JokeViweTests.swift */; };
		1F9CE2902B17696B00CA5DDF /* JokeViweUITests.swift in Sources */ = {isa = PBXBuildFile; fileRef = 1F9CE28F2B17696B00CA5DDF /* JokeViweUITests.swift */; };
		1F9CE2922B17696B00CA5DDF /* JokeViweUITestsLaunchTests.swift in Sources */ = {isa = PBXBuildFile; fileRef = 1F9CE2912B17696B00CA5DDF /* JokeViweUITestsLaunchTests.swift */; };
/* End PBXBuildFile section */

/* Begin PBXContainerItemProxy section */
		1F9CE2822B17696B00CA5DDF /* PBXContainerItemProxy */ = {
			isa = PBXContainerItemProxy;
			containerPortal = 1F9CE2692B17696A00CA5DDF /* Project object */;
			proxyType = 1;
			remoteGlobalIDString = 1F9CE2702B17696A00CA5DDF;
			remoteInfo = JokeViwe;
		};
		1F9CE28C2B17696B00CA5DDF /* PBXContainerItemProxy */ = {
			isa = PBXContainerItemProxy;
			containerPortal = 1F9CE2692B17696A00CA5DDF /* Project object */;
			proxyType = 1;
			remoteGlobalIDString = 1F9CE2702B17696A00CA5DDF;
			remoteInfo = JokeViwe;
		};
/* End PBXContainerItemProxy section */

/* Begin PBXFileReference section */
		1F9CE2712B17696A00CA5DDF /* JokeViwe.app */ = {isa = PBXFileReference; explicitFileType = wrapper.application; includeInIndex = 0; path = JokeViwe.app; sourceTree = BUILT_PRODUCTS_DIR; };
		1F9CE2742B17696A00CA5DDF /* JokeViweApp.swift */ = {isa = PBXFileReference; lastKnownFileType = sourcecode.swift; path = JokeViweApp.swift; sourceTree = "<group>"; };
		1F9CE2762B17696A00CA5DDF /* ContentView.swift */ = {isa = PBXFileReference; lastKnownFileType = sourcecode.swift; path = ContentView.swift; sourceTree = "<group>"; };
		1F9CE2782B17696B00CA5DDF /* Assets.xcassets */ = {isa = PBXFileReference; lastKnownFileType = folder.assetcatalog; path = Assets.xcassets; sourceTree = "<group>"; };
		1F9CE27B2B17696B00CA5DDF /* Preview Assets.xcassets */ = {isa = PBXFileReference; lastKnownFileType = folder.assetcatalog; path = "Preview Assets.xcassets"; sourceTree = "<group>"; };
		1F9CE2812B17696B00CA5DDF /* JokeViweTests.xctest */ = {isa = PBXFileReference; explicitFileType = wrapper.cfbundle; includeInIndex = 0; path = JokeViweTests.xctest; sourceTree = BUILT_PRODUCTS_DIR; };
		1F9CE2852B17696B00CA5DDF /* JokeViweTests.swift */ = {isa = PBXFileReference; lastKnownFileType = sourcecode.swift; path = JokeViweTests.swift; sourceTree = "<group>"; };
		1F9CE28B2B17696B00CA5DDF /* JokeViweUITests.xctest */ = {isa = PBXFileReference; explicitFileType = wrapper.cfbundle; includeInIndex = 0; path = JokeViweUITests.xctest; sourceTree = BUILT_PRODUCTS_DIR; };
		1F9CE28F2B17696B00CA5DDF /* JokeViweUITests.swift */ = {isa = PBXFileReference; lastKnownFileType = sourcecode.swift; path = JokeViweUITests.swift; sourceTree = "<group>"; };
		1F9CE2912B17696B00CA5DDF /* JokeViweUITestsLaunchTests.swift */ = {isa = PBXFileReference; lastKnownFileType = sourcecode.swift; path = JokeViweUITestsLaunchTests.swift; sourceTree = "<group>"; };
/* End PBXFileReference section */

/* Begin PBXFrameworksBuildPhase section */
		1F9CE26E2B17696A00CA5DDF /* Frameworks */ = {
			isa = PBXFrameworksBuildPhase;
			buildActionMask = 2147483647;
			files = (
			);
			runOnlyForDeploymentPostprocessing = 0;
		};
		1F9CE27E2B17696B00CA5DDF /* Frameworks */ = {
			isa = PBXFrameworksBuildPhase;
			buildActionMask = 2147483647;
			files = (
			);
			runOnlyForDeploymentPostprocessing = 0;
		};
		1F9CE2882B17696B00CA5DDF /* Frameworks */ = {
			isa = PBXFrameworksBuildPhase;
			buildActionMask = 2147483647;
			files = (
			);
			runOnlyForDeploymentPostprocessing = 0;
		};
/* End PBXFrameworksBuildPhase section */

/* Begin PBXGroup section */
		1F9CE2682B17696A00CA5DDF = {
			isa = PBXGroup;
			children = (
				1F9CE2732B17696A00CA5DDF /* JokeViwe */,
				1F9CE2842B17696B00CA5DDF /* JokeViweTests */,
				1F9CE28E2B17696B00CA5DDF /* JokeViweUITests */,
				1F9CE2722B17696A00CA5DDF /* Products */,
			);
			sourceTree = "<group>";
		};
		1F9CE2722B17696A00CA5DDF /* Products */ = {
			isa = PBXGroup;
			children = (
				1F9CE2712B17696A00CA5DDF /* JokeViwe.app */,
				1F9CE2812B17696B00CA5DDF /* JokeViweTests.xctest */,
				1F9CE28B2B17696B00CA5DDF /* JokeViweUITests.xctest */,
			);
			name = Products;
			sourceTree = "<group>";
		};
		1F9CE2732B17696A00CA5DDF /* JokeViwe */ = {
			isa = PBXGroup;
			children = (
				1F9CE2742B17696A00CA5DDF /* JokeViweApp.swift */,
				1F9CE2762B17696A00CA5DDF /* ContentView.swift */,
				1F9CE2782B17696B00CA5DDF /* Assets.xcassets */,
				1F9CE27A2B17696B00CA5DDF /* Preview Content */,
			);
			path = JokeViwe;
			sourceTree = "<group>";
		};
		1F9CE27A2B17696B00CA5DDF /* Preview Content */ = {
			isa = PBXGroup;
			children = (
				1F9CE27B2B17696B00CA5DDF /* Preview Assets.xcassets */,
			);
			path = "Preview Content";
			sourceTree = "<group>";
		};
		1F9CE2842B17696B00CA5DDF /* JokeViweTests */ = {
			isa = PBXGroup;
			children = (
				1F9CE2852B17696B00CA5DDF /* JokeViweTests.swift */,
			);
			path = JokeViweTests;
			sourceTree = "<group>";
		};
		1F9CE28E2B17696B00CA5DDF /* JokeViweUITests */ = {
			isa = PBXGroup;
			children = (
				1F9CE28F2B17696B00CA5DDF /* JokeViweUITests.swift */,
				1F9CE2912B17696B00CA5DDF /* JokeViweUITestsLaunchTests.swift */,
			);
			path = JokeViweUITests;
			sourceTree = "<group>";
		};
/* End PBXGroup section */

/* Begin PBXNativeTarget section */
		1F9CE2702B17696A00CA5DDF /* JokeViwe */ = {
			isa = PBXNativeTarget;
			buildConfigurationList = 1F9CE2952B17696B00CA5DDF /* Build configuration list for PBXNativeTarget "JokeViwe" */;
			buildPhases = (
				1F9CE26D2B17696A00CA5DDF /* Sources */,
				1F9CE26E2B17696A00CA5DDF /* Frameworks */,
				1F9CE26F2B17696A00CA5DDF /* Resources */,
			);
			buildRules = (
			);
			dependencies = (
			);
			name = JokeViwe;
			productName = JokeViwe;
			productReference = 1F9CE2712B17696A00CA5DDF /* JokeViwe.app */;
			productType = "com.apple.product-type.application";
		};
		1F9CE2802B17696B00CA5DDF /* JokeViweTests */ = {
			isa = PBXNativeTarget;
			buildConfigurationList = 1F9CE2982B17696B00CA5DDF /* Build configuration list for PBXNativeTarget "JokeViweTests" */;
			buildPhases = (
				1F9CE27D2B17696B00CA5DDF /* Sources */,
				1F9CE27E2B17696B00CA5DDF /* Frameworks */,
				1F9CE27F2B17696B00CA5DDF /* Resources */,
			);
			buildRules = (
			);
			dependencies = (
				1F9CE2832B17696B00CA5DDF /* PBXTargetDependency */,
			);
			name = JokeViweTests;
			productName = JokeViweTests;
			productReference = 1F9CE2812B17696B00CA5DDF /* JokeViweTests.xctest */;
			productType = "com.apple.product-type.bundle.unit-test";
		};
		1F9CE28A2B17696B00CA5DDF /* JokeViweUITests */ = {
			isa = PBXNativeTarget;
			buildConfigurationList = 1F9CE29B2B17696B00CA5DDF /* Build configuration list for PBXNativeTarget "JokeViweUITests" */;
			buildPhases = (
				1F9CE2872B17696B00CA5DDF /* Sources */,
				1F9CE2882B17696B00CA5DDF /* Frameworks */,
				1F9CE2892B17696B00CA5DDF /* Resources */,
			);
			buildRules = (
			);
			dependencies = (
				1F9CE28D2B17696B00CA5DDF /* PBXTargetDependency */,
			);
			name = JokeViweUITests;
			productName = JokeViweUITests;
			productReference = 1F9CE28B2B17696B00CA5DDF /* JokeViweUITests.xctest */;
			productType = "com.apple.product-type.bundle.ui-testing";
		};
/* End PBXNativeTarget section */

/* Begin PBXProject section */
		1F9CE2692B17696A00CA5DDF /* Project object */ = {
			isa = PBXProject;
			attributes = {
				BuildIndependentTargetsInParallel = 1;
				LastSwiftUpdateCheck = 1500;
				LastUpgradeCheck = 1500;
				TargetAttributes = {
					1F9CE2702B17696A00CA5DDF = {
						CreatedOnToolsVersion = 15.0;
					};
					1F9CE2802B17696B00CA5DDF = {
						CreatedOnToolsVersion = 15.0;
						TestTargetID = 1F9CE2702B17696A00CA5DDF;
					};
					1F9CE28A2B17696B00CA5DDF = {
						CreatedOnToolsVersion = 15.0;
						TestTargetID = 1F9CE2702B17696A00CA5DDF;
					};
				};
			};
			buildConfigurationList = 1F9CE26C2B17696A00CA5DDF /* Build configuration list for PBXProject "JokeViwe" */;
			compatibilityVersion = "Xcode 14.0";
			developmentRegion = en;
			hasScannedForEncodings = 0;
			knownRegions = (
				en,
				Base,
			);
			mainGroup = 1F9CE2682B17696A00CA5DDF;
			productRefGroup = 1F9CE2722B17696A00CA5DDF /* Products */;
			projectDirPath = "";
			projectRoot = "";
			targets = (
				1F9CE2702B17696A00CA5DDF /* JokeViwe */,
				1F9CE2802B17696B00CA5DDF /* JokeViweTests */,
				1F9CE28A2B17696B00CA5DDF /* JokeViweUITests */,
			);
		};
/* End PBXProject section */

/* Begin PBXResourcesBuildPhase section */
		1F9CE26F2B17696A00CA5DDF /* Resources */ = {
			isa = PBXResourcesBuildPhase;
			buildActionMask = 2147483647;
			files = (
				1F9CE27C2B17696B00CA5DDF /* Preview Assets.xcassets in Resources */,
				1F9CE2792B17696B00CA5DDF /* Assets.xcassets in Resources */,
			);
			runOnlyForDeploymentPostprocessing = 0;
		};
		1F9CE27F2B17696B00CA5DDF /* Resources */ = {
			isa = PBXResourcesBuildPhase;
			buildActionMask = 2147483647;
			files = (
			);
			runOnlyForDeploymentPostprocessing = 0;
		};
		1F9CE2892B17696B00CA5DDF /* Resources */ = {
			isa = PBXResourcesBuildPhase;
			buildActionMask = 2147483647;
			files = (
			);
			runOnlyForDeploymentPostprocessing = 0;
		};
/* End PBXResourcesBuildPhase section */

/* Begin PBXSourcesBuildPhase section */
		1F9CE26D2B17696A00CA5DDF /* Sources */ = {
			isa = PBXSourcesBuildPhase;
			buildActionMask = 2147483647;
			files = (
				1F9CE2772B17696A00CA5DDF /* ContentView.swift in Sources */,
				1F9CE2752B17696A00CA5DDF /* JokeViweApp.swift in Sources */,
			);
			runOnlyForDeploymentPostprocessing = 0;
		};
		1F9CE27D2B17696B00CA5DDF /* Sources */ = {
			isa = PBXSourcesBuildPhase;
			buildActionMask = 2147483647;
			files = (
				1F9CE2862B17696B00CA5DDF /* JokeViweTests.swift in Sources */,
			);
			runOnlyForDeploymentPostprocessing = 0;
		};
		1F9CE2872B17696B00CA5DDF /* Sources */ = {
			isa = PBXSourcesBuildPhase;
			buildActionMask = 2147483647;
			files = (
				1F9CE2922B17696B00CA5DDF /* JokeViweUITestsLaunchTests.swift in Sources */,
				1F9CE2902B17696B00CA5DDF /* JokeViweUITests.swift in Sources */,
			);
			runOnlyForDeploymentPostprocessing = 0;
		};
/* End PBXSourcesBuildPhase section */

/* Begin PBXTargetDependency section */
		1F9CE2832B17696B00CA5DDF /* PBXTargetDependency */ = {
			isa = PBXTargetDependency;
			target = 1F9CE2702B17696A00CA5DDF /* JokeViwe */;
			targetProxy = 1F9CE2822B17696B00CA5DDF /* PBXContainerItemProxy */;
		};
		1F9CE28D2B17696B00CA5DDF /* PBXTargetDependency */ = {
			isa = PBXTargetDependency;
			target = 1F9CE2702B17696A00CA5DDF /* JokeViwe */;
			targetProxy = 1F9CE28C2B17696B00CA5DDF /* PBXContainerItemProxy */;
		};
/* End PBXTargetDependency section */

/* Begin XCBuildConfiguration section */
		1F9CE2932B17696B00CA5DDF /* Debug */ = {
			isa = XCBuildConfiguration;
			buildSettings = {
				ALWAYS_SEARCH_USER_PATHS = NO;
				ASSETCATALOG_COMPILER_GENERATE_SWIFT_ASSET_SYMBOL_EXTENSIONS = YES;
				CLANG_ANALYZER_NONNULL = YES;
				CLANG_ANALYZER_NUMBER_OBJECT_CONVERSION = YES_AGGRESSIVE;
				CLANG_CXX_LANGUAGE_STANDARD = "gnu++20";
				CLANG_ENABLE_MODULES = YES;
				CLANG_ENABLE_OBJC_ARC = YES;
				CLANG_ENABLE_OBJC_WEAK = YES;
				CLANG_WARN_BLOCK_CAPTURE_AUTORELEASING = YES;
				CLANG_WARN_BOOL_CONVERSION = YES;
				CLANG_WARN_COMMA = YES;
				CLANG_WARN_CONSTANT_CONVERSION = YES;
				CLANG_WARN_DEPRECATED_OBJC_IMPLEMENTATIONS = YES;
				CLANG_WARN_DIRECT_OBJC_ISA_USAGE = YES_ERROR;
				CLANG_WARN_DOCUMENTATION_COMMENTS = YES;
				CLANG_WARN_EMPTY_BODY = YES;
				CLANG_WARN_ENUM_CONVERSION = YES;
				CLANG_WARN_INFINITE_RECURSION = YES;
				CLANG_WARN_INT_CONVERSION = YES;
				CLANG_WARN_NON_LITERAL_NULL_CONVERSION = YES;
				CLANG_WARN_OBJC_IMPLICIT_RETAIN_SELF = YES;
				CLANG_WARN_OBJC_LITERAL_CONVERSION = YES;
				CLANG_WARN_OBJC_ROOT_CLASS = YES_ERROR;
				CLANG_WARN_QUOTED_INCLUDE_IN_FRAMEWORK_HEADER = YES;
				CLANG_WARN_RANGE_LOOP_ANALYSIS = YES;
				CLANG_WARN_STRICT_PROTOTYPES = YES;
				CLANG_WARN_SUSPICIOUS_MOVE = YES;
				CLANG_WARN_UNGUARDED_AVAILABILITY = YES_AGGRESSIVE;
				CLANG_WARN_UNREACHABLE_CODE = YES;
				CLANG_WARN__DUPLICATE_METHOD_MATCH = YES;
				COPY_PHASE_STRIP = NO;
				DEBUG_INFORMATION_FORMAT = dwarf;
				ENABLE_STRICT_OBJC_MSGSEND = YES;
				ENABLE_TESTABILITY = YES;
				ENABLE_USER_SCRIPT_SANDBOXING = YES;
				GCC_C_LANGUAGE_STANDARD = gnu17;
				GCC_DYNAMIC_NO_PIC = NO;
				GCC_NO_COMMON_BLOCKS = YES;
				GCC_OPTIMIZATION_LEVEL = 0;
				GCC_PREPROCESSOR_DEFINITIONS = (
					"DEBUG=1",
					"$(inherited)",
				);
				GCC_WARN_64_TO_32_BIT_CONVERSION = YES;
				GCC_WARN_ABOUT_RETURN_TYPE = YES_ERROR;
				GCC_WARN_UNDECLARED_SELECTOR = YES;
				GCC_WARN_UNINITIALIZED_AUTOS = YES_AGGRESSIVE;
				GCC_WARN_UNUSED_FUNCTION = YES;
				GCC_WARN_UNUSED_VARIABLE = YES;
				IPHONEOS_DEPLOYMENT_TARGET = 17.0;
				LOCALIZATION_PREFERS_STRING_CATALOGS = YES;
				MTL_ENABLE_DEBUG_INFO = INCLUDE_SOURCE;
				MTL_FAST_MATH = YES;
				ONLY_ACTIVE_ARCH = YES;
				SDKROOT = iphoneos;
				SWIFT_ACTIVE_COMPILATION_CONDITIONS = "DEBUG $(inherited)";
				SWIFT_OPTIMIZATION_LEVEL = "-Onone";
			};
			name = Debug;
		};
		1F9CE2942B17696B00CA5DDF /* Release */ = {
			isa = XCBuildConfiguration;
			buildSettings = {
				ALWAYS_SEARCH_USER_PATHS = NO;
				ASSETCATALOG_COMPILER_GENERATE_SWIFT_ASSET_SYMBOL_EXTENSIONS = YES;
				CLANG_ANALYZER_NONNULL = YES;
				CLANG_ANALYZER_NUMBER_OBJECT_CONVERSION = YES_AGGRESSIVE;
				CLANG_CXX_LANGUAGE_STANDARD = "gnu++20";
				CLANG_ENABLE_MODULES = YES;
				CLANG_ENABLE_OBJC_ARC = YES;
				CLANG_ENABLE_OBJC_WEAK = YES;
				CLANG_WARN_BLOCK_CAPTURE_AUTORELEASING = YES;
				CLANG_WARN_BOOL_CONVERSION = YES;
				CLANG_WARN_COMMA = YES;
				CLANG_WARN_CONSTANT_CONVERSION = YES;
				CLANG_WARN_DEPRECATED_OBJC_IMPLEMENTATIONS = YES;
				CLANG_WARN_DIRECT_OBJC_ISA_USAGE = YES_ERROR;
				CLANG_WARN_DOCUMENTATION_COMMENTS = YES;
				CLANG_WARN_EMPTY_BODY = YES;
				CLANG_WARN_ENUM_CONVERSION = YES;
				CLANG_WARN_INFINITE_RECURSION = YES;
				CLANG_WARN_INT_CONVERSION = YES;
				CLANG_WARN_NON_LITERAL_NULL_CONVERSION = YES;
				CLANG_WARN_OBJC_IMPLICIT_RETAIN_SELF = YES;
				CLANG_WARN_OBJC_LITERAL_CONVERSION = YES;
				CLANG_WARN_OBJC_ROOT_CLASS = YES_ERROR;
				CLANG_WARN_QUOTED_INCLUDE_IN_FRAMEWORK_HEADER = YES;
				CLANG_WARN_RANGE_LOOP_ANALYSIS = YES;
				CLANG_WARN_STRICT_PROTOTYPES = YES;
				CLANG_WARN_SUSPICIOUS_MOVE = YES;
				CLANG_WARN_UNGUARDED_AVAILABILITY = YES_AGGRESSIVE;
				CLANG_WARN_UNREACHABLE_CODE = YES;
				CLANG_WARN__DUPLICATE_METHOD_MATCH = YES;
				COPY_PHASE_STRIP = NO;
				DEBUG_INFORMATION_FORMAT = "dwarf-with-dsym";
				ENABLE_NS_ASSERTIONS = NO;
				ENABLE_STRICT_OBJC_MSGSEND = YES;
				ENABLE_USER_SCRIPT_SANDBOXING = YES;
				GCC_C_LANGUAGE_STANDARD = gnu17;
				GCC_NO_COMMON_BLOCKS = YES;
				GCC_WARN_64_TO_32_BIT_CONVERSION = YES;
				GCC_WARN_ABOUT_RETURN_TYPE = YES_ERROR;
				GCC_WARN_UNDECLARED_SELECTOR = YES;
				GCC_WARN_UNINITIALIZED_AUTOS = YES_AGGRESSIVE;
				GCC_WARN_UNUSED_FUNCTION = YES;
				GCC_WARN_UNUSED_VARIABLE = YES;
				IPHONEOS_DEPLOYMENT_TARGET = 17.0;
				LOCALIZATION_PREFERS_STRING_CATALOGS = YES;
				MTL_ENABLE_DEBUG_INFO = NO;
				MTL_FAST_MATH = YES;
				SDKROOT = iphoneos;
				SWIFT_COMPILATION_MODE = wholemodule;
				VALIDATE_PRODUCT = YES;
			};
			name = Release;
		};
		1F9CE2962B17696B00CA5DDF /* Debug */ = {
			isa = XCBuildConfiguration;
			buildSettings = {
				ASSETCATALOG_COMPILER_APPICON_NAME = AppIcon;
				ASSETCATALOG_COMPILER_GLOBAL_ACCENT_COLOR_NAME = AccentColor;
				CODE_SIGN_STYLE = Automatic;
				CURRENT_PROJECT_VERSION = 1;
				DEVELOPMENT_ASSET_PATHS = "\"JokeViwe/Preview Content\"";
				ENABLE_PREVIEWS = YES;
				GENERATE_INFOPLIST_FILE = YES;
				INFOPLIST_KEY_UIApplicationSceneManifest_Generation = YES;
				INFOPLIST_KEY_UIApplicationSupportsIndirectInputEvents = YES;
				INFOPLIST_KEY_UILaunchScreen_Generation = YES;
				INFOPLIST_KEY_UISupportedInterfaceOrientations_iPad = "UIInterfaceOrientationPortrait UIInterfaceOrientationPortraitUpsideDown UIInterfaceOrientationLandscapeLeft UIInterfaceOrientationLandscapeRight";
				INFOPLIST_KEY_UISupportedInterfaceOrientations_iPhone = "UIInterfaceOrientationPortrait UIInterfaceOrientationLandscapeLeft UIInterfaceOrientationLandscapeRight";
				LD_RUNPATH_SEARCH_PATHS = (
					"$(inherited)",
					"@executable_path/Frameworks",
				);
				MARKETING_VERSION = 1.0;
				PRODUCT_BUNDLE_IDENTIFIER = "https---github.com-Sadiiqk.JokeViwe";
				PRODUCT_NAME = "$(TARGET_NAME)";
				SWIFT_EMIT_LOC_STRINGS = YES;
				SWIFT_VERSION = 5.0;
				TARGETED_DEVICE_FAMILY = "1,2";
			};
			name = Debug;
		};
		1F9CE2972B17696B00CA5DDF /* Release */ = {
			isa = XCBuildConfiguration;
			buildSettings = {
				ASSETCATALOG_COMPILER_APPICON_NAME = AppIcon;
				ASSETCATALOG_COMPILER_GLOBAL_ACCENT_COLOR_NAME = AccentColor;
				CODE_SIGN_STYLE = Automatic;
				CURRENT_PROJECT_VERSION = 1;
				DEVELOPMENT_ASSET_PATHS = "\"JokeViwe/Preview Content\"";
				ENABLE_PREVIEWS = YES;
				GENERATE_INFOPLIST_FILE = YES;
				INFOPLIST_KEY_UIApplicationSceneManifest_Generation = YES;
				INFOPLIST_KEY_UIApplicationSupportsIndirectInputEvents = YES;
				INFOPLIST_KEY_UILaunchScreen_Generation = YES;
				INFOPLIST_KEY_UISupportedInterfaceOrientations_iPad = "UIInterfaceOrientationPortrait UIInterfaceOrientationPortraitUpsideDown UIInterfaceOrientationLandscapeLeft UIInterfaceOrientationLandscapeRight";
				INFOPLIST_KEY_UISupportedInterfaceOrientations_iPhone = "UIInterfaceOrientationPortrait UIInterfaceOrientationLandscapeLeft UIInterfaceOrientationLandscapeRight";
				LD_RUNPATH_SEARCH_PATHS = (
					"$(inherited)",
					"@executable_path/Frameworks",
				);
				MARKETING_VERSION = 1.0;
				PRODUCT_BUNDLE_IDENTIFIER = "https---github.com-Sadiiqk.JokeViwe";
				PRODUCT_NAME = "$(TARGET_NAME)";
				SWIFT_EMIT_LOC_STRINGS = YES;
				SWIFT_VERSION = 5.0;
				TARGETED_DEVICE_FAMILY = "1,2";
			};
			name = Release;
		};
		1F9CE2992B17696B00CA5DDF /* Debug */ = {
			isa = XCBuildConfiguration;
			buildSettings = {
				ALWAYS_EMBED_SWIFT_STANDARD_LIBRARIES = YES;
				BUNDLE_LOADER = "$(TEST_HOST)";
				CODE_SIGN_STYLE = Automatic;
				CURRENT_PROJECT_VERSION = 1;
				GENERATE_INFOPLIST_FILE = YES;
				IPHONEOS_DEPLOYMENT_TARGET = 17.0;
				MARKETING_VERSION = 1.0;
				PRODUCT_BUNDLE_IDENTIFIER = "https---github.com-Sadiiqk.JokeViweTests";
				PRODUCT_NAME = "$(TARGET_NAME)";
				SWIFT_EMIT_LOC_STRINGS = NO;
				SWIFT_VERSION = 5.0;
				TARGETED_DEVICE_FAMILY = "1,2";
				TEST_HOST = "$(BUILT_PRODUCTS_DIR)/JokeViwe.app/$(BUNDLE_EXECUTABLE_FOLDER_PATH)/JokeViwe";
			};
			name = Debug;
		};
		1F9CE29A2B17696B00CA5DDF /* Release */ = {
			isa = XCBuildConfiguration;
			buildSettings = {
				ALWAYS_EMBED_SWIFT_STANDARD_LIBRARIES = YES;
				BUNDLE_LOADER = "$(TEST_HOST)";
				CODE_SIGN_STYLE = Automatic;
				CURRENT_PROJECT_VERSION = 1;
				GENERATE_INFOPLIST_FILE = YES;
				IPHONEOS_DEPLOYMENT_TARGET = 17.0;
				MARKETING_VERSION = 1.0;
				PRODUCT_BUNDLE_IDENTIFIER = "https---github.com-Sadiiqk.JokeViweTests";
				PRODUCT_NAME = "$(TARGET_NAME)";
				SWIFT_EMIT_LOC_STRINGS = NO;
				SWIFT_VERSION = 5.0;
				TARGETED_DEVICE_FAMILY = "1,2";
				TEST_HOST = "$(BUILT_PRODUCTS_DIR)/JokeViwe.app/$(BUNDLE_EXECUTABLE_FOLDER_PATH)/JokeViwe";
			};
			name = Release;
		};
		1F9CE29C2B17696B00CA5DDF /* Debug */ = {
			isa = XCBuildConfiguration;
			buildSettings = {
				ALWAYS_EMBED_SWIFT_STANDARD_LIBRARIES = YES;
				CODE_SIGN_STYLE = Automatic;
				CURRENT_PROJECT_VERSION = 1;
				GENERATE_INFOPLIST_FILE = YES;
				MARKETING_VERSION = 1.0;
				PRODUCT_BUNDLE_IDENTIFIER = "https---github.com-Sadiiqk.JokeViweUITests";
				PRODUCT_NAME = "$(TARGET_NAME)";
				SWIFT_EMIT_LOC_STRINGS = NO;
				SWIFT_VERSION = 5.0;
				TARGETED_DEVICE_FAMILY = "1,2";
				TEST_TARGET_NAME = JokeViwe;
			};
			name = Debug;
		};
		1F9CE29D2B17696B00CA5DDF /* Release */ = {
			isa = XCBuildConfiguration;
			buildSettings = {
				ALWAYS_EMBED_SWIFT_STANDARD_LIBRARIES = YES;
				CODE_SIGN_STYLE = Automatic;
				CURRENT_PROJECT_VERSION = 1;
				GENERATE_INFOPLIST_FILE = YES;
				MARKETING_VERSION = 1.0;
				PRODUCT_BUNDLE_IDENTIFIER = "https---github.com-Sadiiqk.JokeViweUITests";
				PRODUCT_NAME = "$(TARGET_NAME)";
				SWIFT_EMIT_LOC_STRINGS = NO;
				SWIFT_VERSION = 5.0;
				TARGETED_DEVICE_FAMILY = "1,2";
				TEST_TARGET_NAME = JokeViwe;
			};
			name = Release;
		};
/* End XCBuildConfiguration section */

/* Begin XCConfigurationList section */
		1F9CE26C2B17696A00CA5DDF /* Build configuration list for PBXProject "JokeViwe" */ = {
			isa = XCConfigurationList;
			buildConfigurations = (
				1F9CE2932B17696B00CA5DDF /* Debug */,
				1F9CE2942B17696B00CA5DDF /* Release */,
			);
			defaultConfigurationIsVisible = 0;
			defaultConfigurationName = Release;
		};
		1F9CE2952B17696B00CA5DDF /* Build configuration list for PBXNativeTarget "JokeViwe" */ = {
			isa = XCConfigurationList;
			buildConfigurations = (
				1F9CE2962B17696B00CA5DDF /* Debug */,
				1F9CE2972B17696B00CA5DDF /* Release */,
			);
			defaultConfigurationIsVisible = 0;
			defaultConfigurationName = Release;
		};
		1F9CE2982B17696B00CA5DDF /* Build configuration list for PBXNativeTarget "JokeViweTests" */ = {
			isa = XCConfigurationList;
			buildConfigurations = (
				1F9CE2992B17696B00CA5DDF /* Debug */,
				1F9CE29A2B17696B00CA5DDF /* Release */,
			);
			defaultConfigurationIsVisible = 0;
			defaultConfigurationName = Release;
		};
		1F9CE29B2B17696B00CA5DDF /* Build configuration list for PBXNativeTarget "JokeViweUITests" */ = {
			isa = XCConfigurationList;
			buildConfigurations = (
				1F9CE29C2B17696B00CA5DDF /* Debug */,
				1F9CE29D2B17696B00CA5DDF /* Release */,
			);
			defaultConfigurationIsVisible = 0;
			defaultConfigurationName = Release;
		};
/* End XCConfigurationList section */
	};
	rootObject = 1F9CE2692B17696A00CA5DDF /* Project object */;
}
